
Microsoft Visual Studio Solution File, Format Version 12.00
# Visual Studio Version 17
VisualStudioVersion = 17.4.33403.182
MinimumVisualStudioVersion = 10.0.40219.1
Project("{FAE04EC0-301F-11D3-BF4B-00C04F79EFBC}") = "IfStatements", "IfStatements\IfStatements.csproj", "{9832C4FF-7B71-42EB-90AC-96899443BF9A}"
EndProject
Global
	GlobalSection(SolutionConfigurationPlatforms) = preSolution
		Debug|Any CPU = Debug|Any CPU
		Release|Any CPU = Release|Any CPU
	EndGlobalSection
	GlobalSection(ProjectConfigurationPlatforms) = postSolution
		{9832C4FF-7B71-42EB-90AC-96899443BF9A}.Debug|Any CPU.ActiveCfg = Debug|Any CPU
		{9832C4FF-7B71-42EB-90AC-96899443BF9A}.Debug|Any CPU.Build.0 = Debug|Any CPU
		{9832C4FF-7B71-42EB-90AC-96899443BF9A}.Release|Any CPU.ActiveCfg = Release|Any CPU
		{9832C4FF-7B71-42EB-90AC-96899443BF9A}.Release|Any CPU.Build.0 = Release|Any CPU
	EndGlobalSection
	GlobalSection(SolutionProperties) = preSolution
		HideSolutionNode = FALSE
	EndGlobalSection
	GlobalSection(ExtensibilityGlobals) = postSolution
		SolutionGuid = {7174F3A7-3678-4AC3-B549-B50F0A3A9C13}
	EndGlobalSection
EndGlobal
